
Microsoft Visual Studio Solution File, Format Version 12.00
# Visual Studio Version 17
VisualStudioVersion = 17.4.33213.308
MinimumVisualStudioVersion = 10.0.40219.1
Project("{FAE04EC0-301F-11D3-BF4B-00C04F79EFBC}") = "tcom", "tcom.csproj", "{A9019ED4-8302-4A26-869F-C7EBE3E4E69A}"
EndProject
Global
	GlobalSection(SolutionConfigurationPlatforms) = preSolution
		Debug|Any CPU = Debug|Any CPU
		Release|Any CPU = Release|Any CPU
	EndGlobalSection
	GlobalSection(ProjectConfigurationPlatforms) = postSolution
		{A9019ED4-8302-4A26-869F-C7EBE3E4E69A}.Debug|Any CPU.ActiveCfg = Debug|Any CPU
		{A9019ED4-8302-4A26-869F-C7EBE3E4E69A}.Debug|Any CPU.Build.0 = Debug|Any CPU
		{A9019ED4-8302-4A26-869F-C7EBE3E4E69A}.Release|Any CPU.ActiveCfg = Release|Any CPU
		{A9019ED4-8302-4A26-869F-C7EBE3E4E69A}.Release|Any CPU.Build.0 = Release|Any CPU
	EndGlobalSection
	GlobalSection(SolutionProperties) = preSolution
		HideSolutionNode = FALSE
	EndGlobalSection
	GlobalSection(ExtensibilityGlobals) = postSolution
		SolutionGuid = {9EBE955C-B041-41B2-9308-7E03247FAE4B}
	EndGlobalSection
EndGlobal
